
Microsoft Visual Studio Solution File, Format Version 12.00
# Visual Studio Version 17
VisualStudioVersion = 17.8.34322.80
MinimumVisualStudioVersion = 10.0.40219.1
Project("{9A19103F-16F7-4668-BE54-9A1E7A4F7556}") = "agencia_api", "agencia_api\agencia_api.csproj", "{5037A207-246C-48F9-A639-12B251A30F74}"
EndProject
Global
	GlobalSection(SolutionConfigurationPlatforms) = preSolution
		Debug|Any CPU = Debug|Any CPU
		Release|Any CPU = Release|Any CPU
	EndGlobalSection
	GlobalSection(ProjectConfigurationPlatforms) = postSolution
		{5037A207-246C-48F9-A639-12B251A30F74}.Debug|Any CPU.ActiveCfg = Debug|Any CPU
		{5037A207-246C-48F9-A639-12B251A30F74}.Debug|Any CPU.Build.0 = Debug|Any CPU
		{5037A207-246C-48F9-A639-12B251A30F74}.Release|Any CPU.ActiveCfg = Release|Any CPU
		{5037A207-246C-48F9-A639-12B251A30F74}.Release|Any CPU.Build.0 = Release|Any CPU
	EndGlobalSection
	GlobalSection(SolutionProperties) = preSolution
		HideSolutionNode = FALSE
	EndGlobalSection
	GlobalSection(ExtensibilityGlobals) = postSolution
		SolutionGuid = {B7CC3BF9-FC0B-47F9-B3D6-494E37C3E158}
	EndGlobalSection
EndGlobal
